
Microsoft Visual Studio Solution File, Format Version 12.00
# Visual Studio Version 17
VisualStudioVersion = 17.9.34728.123
MinimumVisualStudioVersion = 10.0.40219.1
Project("{FAE04EC0-301F-11D3-BF4B-00C04F79EFBC}") = "ECommerceProject", "ECommerceProject.csproj", "{78F65326-DCEE-45A0-AFFE-B5918E022F82}"
EndProject
Global
	GlobalSection(SolutionConfigurationPlatforms) = preSolution
		Debug|Any CPU = Debug|Any CPU
		Release|Any CPU = Release|Any CPU
	EndGlobalSection
	GlobalSection(ProjectConfigurationPlatforms) = postSolution
		{78F65326-DCEE-45A0-AFFE-B5918E022F82}.Debug|Any CPU.ActiveCfg = Debug|Any CPU
		{78F65326-DCEE-45A0-AFFE-B5918E022F82}.Debug|Any CPU.Build.0 = Debug|Any CPU
		{78F65326-DCEE-45A0-AFFE-B5918E022F82}.Release|Any CPU.ActiveCfg = Release|Any CPU
		{78F65326-DCEE-45A0-AFFE-B5918E022F82}.Release|Any CPU.Build.0 = Release|Any CPU
	EndGlobalSection
	GlobalSection(SolutionProperties) = preSolution
		HideSolutionNode = FALSE
	EndGlobalSection
	GlobalSection(ExtensibilityGlobals) = postSolution
		SolutionGuid = {02E07325-94A3-4081-9D98-1AED65BE5EC6}
	EndGlobalSection
EndGlobal
